
Microsoft Visual Studio Solution File, Format Version 12.00
# Visual Studio Version 16
VisualStudioVersion = 16.0.30114.105
MinimumVisualStudioVersion = 10.0.40219.1
Project("{FAE04EC0-301F-11D3-BF4B-00C04F79EFBC}") = "GestaodeCliente", "GestaodeCliente\GestaodeCliente.csproj", "{180E393D-0E28-495A-A930-9BAF8D831760}"
EndProject
Project("{FAE04EC0-301F-11D3-BF4B-00C04F79EFBC}") = "TestesGestaodeClientes", "TestesGestaodeClientes\TestesGestaodeClientes.csproj", "{10E1713D-3A8D-4A12-918D-CB9FDC4227FC}"
EndProject
Global
	GlobalSection(SolutionConfigurationPlatforms) = preSolution
		Debug|Any CPU = Debug|Any CPU
		Release|Any CPU = Release|Any CPU
	EndGlobalSection
	GlobalSection(SolutionProperties) = preSolution
		HideSolutionNode = FALSE
	EndGlobalSection
	GlobalSection(ProjectConfigurationPlatforms) = postSolution
		{180E393D-0E28-495A-A930-9BAF8D831760}.Debug|Any CPU.ActiveCfg = Debug|Any CPU
		{180E393D-0E28-495A-A930-9BAF8D831760}.Debug|Any CPU.Build.0 = Debug|Any CPU
		{180E393D-0E28-495A-A930-9BAF8D831760}.Release|Any CPU.ActiveCfg = Release|Any CPU
		{180E393D-0E28-495A-A930-9BAF8D831760}.Release|Any CPU.Build.0 = Release|Any CPU
		{10E1713D-3A8D-4A12-918D-CB9FDC4227FC}.Debug|Any CPU.ActiveCfg = Debug|Any CPU
		{10E1713D-3A8D-4A12-918D-CB9FDC4227FC}.Debug|Any CPU.Build.0 = Debug|Any CPU
		{10E1713D-3A8D-4A12-918D-CB9FDC4227FC}.Release|Any CPU.ActiveCfg = Release|Any CPU
		{10E1713D-3A8D-4A12-918D-CB9FDC4227FC}.Release|Any CPU.Build.0 = Release|Any CPU
	EndGlobalSection
EndGlobal
